
Microsoft Visual Studio Solution File, Format Version 12.00
# Visual Studio 15
VisualStudioVersion = 15.0.27428.2015
MinimumVisualStudioVersion = 10.0.40219.1
Project("{9A19103F-16F7-4668-BE54-9A1E7A4F7556}") = "Lab1.Library", "Lab1.Library\Lab1.Library.csproj", "{415EB175-2003-44FF-8DB6-F0A409707A05}"
EndProject
Project("{9A19103F-16F7-4668-BE54-9A1E7A4F7556}") = "Lab2.LibraryIterator", "Lab2.LibraryIterator\Lab2.LibraryIterator.csproj", "{29D7CABB-E386-4542-B671-60DF7AF9A8C0}"
EndProject
Project("{9A19103F-16F7-4668-BE54-9A1E7A4F7556}") = "Lab3.ComparableBook", "Lab3.ComparableBook\Lab3.ComparableBook.csproj", "{EB87E084-D4AF-43DB-8D63-6C45F240EC86}"
EndProject
Project("{9A19103F-16F7-4668-BE54-9A1E7A4F7556}") = "Lab4.BookComparer", "Lab4.BookComparer\Lab4.BookComparer.csproj", "{67DD92CC-E2BF-4EFA-B796-1C1A238BFE9E}"
EndProject
Project("{9A19103F-16F7-4668-BE54-9A1E7A4F7556}") = "P01.ListyIterator", "P01.ListyIterator\P01.ListyIterator.csproj", "{5F2C386D-D01A-4C4D-B7B0-7885C5BCFBE4}"
EndProject
Project("{9A19103F-16F7-4668-BE54-9A1E7A4F7556}") = "P02.Collection", "P02.Collection\P02.Collection.csproj", "{5CEF7EBC-3C45-43EC-BFAA-580A7423FA46}"
EndProject
Project("{9A19103F-16F7-4668-BE54-9A1E7A4F7556}") = "P03.Stack", "P03.Stack\P03.Stack.csproj", "{B7E3A729-2F07-4B89-AECF-B0C54C7371B1}"
EndProject
Project("{9A19103F-16F7-4668-BE54-9A1E7A4F7556}") = "P04.Froggy", "P04.Froggy\P04.Froggy.csproj", "{2BE2090A-642F-4239-B576-6DCF36A62C66}"
EndProject
Project("{9A19103F-16F7-4668-BE54-9A1E7A4F7556}") = "P05.ComparingObjects", "P05.ComparingObjects\P05.ComparingObjects.csproj", "{EE4F96AC-A634-4ACA-82A9-A14F1EE8E45E}"
EndProject
Project("{9A19103F-16F7-4668-BE54-9A1E7A4F7556}") = "P06.StrategyPattern", "P06.StrategyPattern\P06.StrategyPattern.csproj", "{C615A488-F368-4E61-8211-3C54C6A16BBD}"
EndProject
Project("{9A19103F-16F7-4668-BE54-9A1E7A4F7556}") = "P07.EqualityLogic", "P07.EqualityLogic\P07.EqualityLogic.csproj", "{5B98C4E9-F412-4EF5-BF8A-3B3FAB7E3012}"
EndProject
Project("{FAE04EC0-301F-11D3-BF4B-00C04F79EFBC}") = "P08.PetClinic", "P08.PetClinic\P08.PetClinic.csproj", "{53267ED6-D143-4C63-A3EE-BA4A0397FD08}"
EndProject
Project("{FAE04EC0-301F-11D3-BF4B-00C04F79EFBC}") = "P09.LinkedListTraversal", "P09.LinkedListTraversal\P09.LinkedListTraversal.csproj", "{7D484B28-FDF6-4A68-A404-66E538A3BDB9}"
EndProject
Global
	GlobalSection(SolutionConfigurationPlatforms) = preSolution
		Debug|Any CPU = Debug|Any CPU
		Release|Any CPU = Release|Any CPU
	EndGlobalSection
	GlobalSection(ProjectConfigurationPlatforms) = postSolution
		{415EB175-2003-44FF-8DB6-F0A409707A05}.Debug|Any CPU.ActiveCfg = Debug|Any CPU
		{415EB175-2003-44FF-8DB6-F0A409707A05}.Debug|Any CPU.Build.0 = Debug|Any CPU
		{415EB175-2003-44FF-8DB6-F0A409707A05}.Release|Any CPU.ActiveCfg = Release|Any CPU
		{415EB175-2003-44FF-8DB6-F0A409707A05}.Release|Any CPU.Build.0 = Release|Any CPU
		{29D7CABB-E386-4542-B671-60DF7AF9A8C0}.Debug|Any CPU.ActiveCfg = Debug|Any CPU
		{29D7CABB-E386-4542-B671-60DF7AF9A8C0}.Debug|Any CPU.Build.0 = Debug|Any CPU
		{29D7CABB-E386-4542-B671-60DF7AF9A8C0}.Release|Any CPU.ActiveCfg = Release|Any CPU
		{29D7CABB-E386-4542-B671-60DF7AF9A8C0}.Release|Any CPU.Build.0 = Release|Any CPU
		{EB87E084-D4AF-43DB-8D63-6C45F240EC86}.Debug|Any CPU.ActiveCfg = Debug|Any CPU
		{EB87E084-D4AF-43DB-8D63-6C45F240EC86}.Debug|Any CPU.Build.0 = Debug|Any CPU
		{EB87E084-D4AF-43DB-8D63-6C45F240EC86}.Release|Any CPU.ActiveCfg = Release|Any CPU
		{EB87E084-D4AF-43DB-8D63-6C45F240EC86}.Release|Any CPU.Build.0 = Release|Any CPU
		{67DD92CC-E2BF-4EFA-B796-1C1A238BFE9E}.Debug|Any CPU.ActiveCfg = Debug|Any CPU
		{67DD92CC-E2BF-4EFA-B796-1C1A238BFE9E}.Debug|Any CPU.Build.0 = Debug|Any CPU
		{67DD92CC-E2BF-4EFA-B796-1C1A238BFE9E}.Release|Any CPU.ActiveCfg = Release|Any CPU
		{67DD92CC-E2BF-4EFA-B796-1C1A238BFE9E}.Release|Any CPU.Build.0 = Release|Any CPU
		{5F2C386D-D01A-4C4D-B7B0-7885C5BCFBE4}.Debug|Any CPU.ActiveCfg = Debug|Any CPU
		{5F2C386D-D01A-4C4D-B7B0-7885C5BCFBE4}.Debug|Any CPU.Build.0 = Debug|Any CPU
		{5F2C386D-D01A-4C4D-B7B0-7885C5BCFBE4}.Release|Any CPU.ActiveCfg = Release|Any CPU
		{5F2C386D-D01A-4C4D-B7B0-7885C5BCFBE4}.Release|Any CPU.Build.0 = Release|Any CPU
		{5CEF7EBC-3C45-43EC-BFAA-580A7423FA46}.Debug|Any CPU.ActiveCfg = Debug|Any CPU
		{5CEF7EBC-3C45-43EC-BFAA-580A7423FA46}.Debug|Any CPU.Build.0 = Debug|Any CPU
		{5CEF7EBC-3C45-43EC-BFAA-580A7423FA46}.Release|Any CPU.ActiveCfg = Release|Any CPU
		{5CEF7EBC-3C45-43EC-BFAA-580A7423FA46}.Release|Any CPU.Build.0 = Release|Any CPU
		{B7E3A729-2F07-4B89-AECF-B0C54C7371B1}.Debug|Any CPU.ActiveCfg = Debug|Any CPU
		{B7E3A729-2F07-4B89-AECF-B0C54C7371B1}.Debug|Any CPU.Build.0 = Debug|Any CPU
		{B7E3A729-2F07-4B89-AECF-B0C54C7371B1}.Release|Any CPU.ActiveCfg = Release|Any CPU
		{B7E3A729-2F07-4B89-AECF-B0C54C7371B1}.Release|Any CPU.Build.0 = Release|Any CPU
		{2BE2090A-642F-4239-B576-6DCF36A62C66}.Debug|Any CPU.ActiveCfg = Debug|Any CPU
		{2BE2090A-642F-4239-B576-6DCF36A62C66}.Debug|Any CPU.Build.0 = Debug|Any CPU
		{2BE2090A-642F-4239-B576-6DCF36A62C66}.Release|Any CPU.ActiveCfg = Release|Any CPU
		{2BE2090A-642F-4239-B576-6DCF36A62C66}.Release|Any CPU.Build.0 = Release|Any CPU
		{EE4F96AC-A634-4ACA-82A9-A14F1EE8E45E}.Debug|Any CPU.ActiveCfg = Debug|Any CPU
		{EE4F96AC-A634-4ACA-82A9-A14F1EE8E45E}.Debug|Any CPU.Build.0 = Debug|Any CPU
		{EE4F96AC-A634-4ACA-82A9-A14F1EE8E45E}.Release|Any CPU.ActiveCfg = Release|Any CPU
		{EE4F96AC-A634-4ACA-82A9-A14F1EE8E45E}.Release|Any CPU.Build.0 = Release|Any CPU
		{C615A488-F368-4E61-8211-3C54C6A16BBD}.Debug|Any CPU.ActiveCfg = Debug|Any CPU
		{C615A488-F368-4E61-8211-3C54C6A16BBD}.Debug|Any CPU.Build.0 = Debug|Any CPU
		{C615A488-F368-4E61-8211-3C54C6A16BBD}.Release|Any CPU.ActiveCfg = Release|Any CPU
		{C615A488-F368-4E61-8211-3C54C6A16BBD}.Release|Any CPU.Build.0 = Release|Any CPU
		{5B98C4E9-F412-4EF5-BF8A-3B3FAB7E3012}.Debug|Any CPU.ActiveCfg = Debug|Any CPU
		{5B98C4E9-F412-4EF5-BF8A-3B3FAB7E3012}.Debug|Any CPU.Build.0 = Debug|Any CPU
		{5B98C4E9-F412-4EF5-BF8A-3B3FAB7E3012}.Release|Any CPU.ActiveCfg = Release|Any CPU
		{5B98C4E9-F412-4EF5-BF8A-3B3FAB7E3012}.Release|Any CPU.Build.0 = Release|Any CPU
		{53267ED6-D143-4C63-A3EE-BA4A0397FD08}.Debug|Any CPU.ActiveCfg = Debug|Any CPU
		{53267ED6-D143-4C63-A3EE-BA4A0397FD08}.Debug|Any CPU.Build.0 = Debug|Any CPU
		{53267ED6-D143-4C63-A3EE-BA4A0397FD08}.Release|Any CPU.ActiveCfg = Release|Any CPU
		{53267ED6-D143-4C63-A3EE-BA4A0397FD08}.Release|Any CPU.Build.0 = Release|Any CPU
		{7D484B28-FDF6-4A68-A404-66E538A3BDB9}.Debug|Any CPU.ActiveCfg = Debug|Any CPU
		{7D484B28-FDF6-4A68-A404-66E538A3BDB9}.Debug|Any CPU.Build.0 = Debug|Any CPU
		{7D484B28-FDF6-4A68-A404-66E538A3BDB9}.Release|Any CPU.ActiveCfg = Release|Any CPU
		{7D484B28-FDF6-4A68-A404-66E538A3BDB9}.Release|Any CPU.Build.0 = Release|Any CPU
	EndGlobalSection
	GlobalSection(SolutionProperties) = preSolution
		HideSolutionNode = FALSE
	EndGlobalSection
	GlobalSection(ExtensibilityGlobals) = postSolution
		SolutionGuid = {24CC3BC8-AB9F-4B1E-B1FD-1656F01C9892}
	EndGlobalSection
EndGlobal
