
Microsoft Visual Studio Solution File, Format Version 12.00
# Visual Studio 15
VisualStudioVersion = 15.0.26403.7
MinimumVisualStudioVersion = 10.0.40219.1
Project("{FAE04EC0-301F-11D3-BF4B-00C04F79EFBC}") = "Minedraft", "Minedraft.csproj", "{2B8E833A-8D75-44C5-A88A-9B4B9FE1C036}"
EndProject
Project("{FAE04EC0-301F-11D3-BF4B-00C04F79EFBC}") = "MinedraftTests", "..\MinedraftTests\MinedraftTests.csproj", "{7F82F6CF-ADCB-4661-A76C-148D1020BA47}"
EndProject
Project("{FAE04EC0-301F-11D3-BF4B-00C04F79EFBC}") = "MinedraftTestsForMe", "MinedraftTestsForMe\MinedraftTestsForMe.csproj", "{0DE601BC-8E31-4CEF-A4F1-2836B280BE24}"
EndProject
Project("{FAE04EC0-301F-11D3-BF4B-00C04F79EFBC}") = "MinecraftTestsForMe", "..\MinecraftTestsForMe\MinecraftTestsForMe.csproj", "{745B9DBB-BE78-4E9D-99D0-9D4267FEC311}"
EndProject
Global
	GlobalSection(SolutionConfigurationPlatforms) = preSolution
		Debug|Any CPU = Debug|Any CPU
		Release|Any CPU = Release|Any CPU
	EndGlobalSection
	GlobalSection(ProjectConfigurationPlatforms) = postSolution
		{2B8E833A-8D75-44C5-A88A-9B4B9FE1C036}.Debug|Any CPU.ActiveCfg = Debug|Any CPU
		{2B8E833A-8D75-44C5-A88A-9B4B9FE1C036}.Debug|Any CPU.Build.0 = Debug|Any CPU
		{2B8E833A-8D75-44C5-A88A-9B4B9FE1C036}.Release|Any CPU.ActiveCfg = Release|Any CPU
		{2B8E833A-8D75-44C5-A88A-9B4B9FE1C036}.Release|Any CPU.Build.0 = Release|Any CPU
		{7F82F6CF-ADCB-4661-A76C-148D1020BA47}.Debug|Any CPU.ActiveCfg = Debug|Any CPU
		{7F82F6CF-ADCB-4661-A76C-148D1020BA47}.Debug|Any CPU.Build.0 = Debug|Any CPU
		{7F82F6CF-ADCB-4661-A76C-148D1020BA47}.Release|Any CPU.ActiveCfg = Release|Any CPU
		{7F82F6CF-ADCB-4661-A76C-148D1020BA47}.Release|Any CPU.Build.0 = Release|Any CPU
		{0DE601BC-8E31-4CEF-A4F1-2836B280BE24}.Debug|Any CPU.ActiveCfg = Debug|Any CPU
		{0DE601BC-8E31-4CEF-A4F1-2836B280BE24}.Debug|Any CPU.Build.0 = Debug|Any CPU
		{0DE601BC-8E31-4CEF-A4F1-2836B280BE24}.Release|Any CPU.ActiveCfg = Release|Any CPU
		{0DE601BC-8E31-4CEF-A4F1-2836B280BE24}.Release|Any CPU.Build.0 = Release|Any CPU
		{745B9DBB-BE78-4E9D-99D0-9D4267FEC311}.Debug|Any CPU.ActiveCfg = Debug|Any CPU
		{745B9DBB-BE78-4E9D-99D0-9D4267FEC311}.Debug|Any CPU.Build.0 = Debug|Any CPU
		{745B9DBB-BE78-4E9D-99D0-9D4267FEC311}.Release|Any CPU.ActiveCfg = Release|Any CPU
		{745B9DBB-BE78-4E9D-99D0-9D4267FEC311}.Release|Any CPU.Build.0 = Release|Any CPU
	EndGlobalSection
	GlobalSection(SolutionProperties) = preSolution
		HideSolutionNode = FALSE
	EndGlobalSection
	GlobalSection(ExtensibilityGlobals) = postSolution
		SolutionGuid = {937B4104-C831-48A2-B7BD-8EC83DF78405}
	EndGlobalSection
EndGlobal
